// !$*UTF8*$!
{
	archiveVersion = 1;
	classes = {
	};
	objectVersion = 77;
	objects = {

/* Begin PBXBuildFile section */
		1202BA569728F521942D053A /* BoardView.swift in Sources */ = {isa = PBXBuildFile; fileRef = E7C17D7526A0C80AF64C7283 /* BoardView.swift */; };
		1221B30EA2F2E7FAB5A255E1 /* CardEventsStore.swift in Sources */ = {isa = PBXBuildFile; fileRef = 4547A844DB6F135A84687903 /* CardEventsStore.swift */; };
		128BA80F3E743324C53ED096 /* APIClient.swift in Sources */ = {isa = PBXBuildFile; fileRef = 9DE4FC5F7360DC31A7B0564A /* APIClient.swift */; };
		1D8338CAE3D3B240D14F7701 /* AiSuggestion.swift in Sources */ = {isa = PBXBuildFile; fileRef = D61F1671ABC0620D73FFB58D /* AiSuggestion.swift */; };
		23005EC985F2638D48D5847E /* Card.swift in Sources */ = {isa = PBXBuildFile; fileRef = 5A01789809ADB29374A3759D /* Card.swift */; };
		25391EC0A2E15EF4FC15E33A /* AuthStore.swift in Sources */ = {isa = PBXBuildFile; fileRef = 6E298DEBC486F46162AB5617 /* AuthStore.swift */; };
		278AF13C8E4CDB80A37E7028 /* LoginView.swift in Sources */ = {isa = PBXBuildFile; fileRef = 52A7737371D98D496727B87B /* LoginView.swift */; };
		293D4F5AF6F25A5832A0081A /* ToastStore.swift in Sources */ = {isa = PBXBuildFile; fileRef = 8C079804591FE0380E400B39 /* ToastStore.swift */; };
		2DCE1A46702AEBACEC53A864 /* MainView.swift in Sources */ = {isa = PBXBuildFile; fileRef = 351B597EB5D18C72E3C4F1B1 /* MainView.swift */; };
		2F0214707E590F36F3DCA016 /* CardLink.swift in Sources */ = {isa = PBXBuildFile; fileRef = A4682CBC1E6A44AC8BF3DF7E /* CardLink.swift */; };
		2F67769F1370A561A24966B1 /* BroadcastEvent.swift in Sources */ = {isa = PBXBuildFile; fileRef = ECB0072855DCF669D2488118 /* BroadcastEvent.swift */; };
		32C653C3EB5473B1A99DCD82 /* InsightStore.swift in Sources */ = {isa = PBXBuildFile; fileRef = 0BA207C8D6BC9A6883D358E4 /* InsightStore.swift */; };
		33A33704E54D45C60D9A3E23 /* SourceBadge.swift in Sources */ = {isa = PBXBuildFile; fileRef = 9E2485F54981E434D8849A3A /* SourceBadge.swift */; };
		34E114C8D8CF11C8D593E62D /* BoardToolbar.swift in Sources */ = {isa = PBXBuildFile; fileRef = 92B42FC7D4327D1F82369DC7 /* BoardToolbar.swift */; };
		36BA53625A6B87A5A368A38E /* CardSurface.swift in Sources */ = {isa = PBXBuildFile; fileRef = D2DC760C601ACAD9AD6EDABB /* CardSurface.swift */; };
		3960872E7CD85187846B61C9 /* Assets.xcassets in Resources */ = {isa = PBXBuildFile; fileRef = 32FAD60E9C3B97E09C622A87 /* Assets.xcassets */; };
		3B3570C66C25A8B31DF420E4 /* KanbanClaudeApp.swift in Sources */ = {isa = PBXBuildFile; fileRef = 5582F45A9B578CD960A323AE /* KanbanClaudeApp.swift */; };
		4550B678651DC1FCFAD21F86 /* KeychainStore.swift in Sources */ = {isa = PBXBuildFile; fileRef = E9356D8CC170F45F0D61F070 /* KeychainStore.swift */; };
		4A60C2DF53DBB40147ECCDD5 /* CardStore.swift in Sources */ = {isa = PBXBuildFile; fileRef = 30888F32AB7A737228CCE83D /* CardStore.swift */; };
		4AA9F96292723B7B5AED8CEE /* Typography.swift in Sources */ = {isa = PBXBuildFile; fileRef = 202DC6CD8086A92EDB79E7B6 /* Typography.swift */; };
		4DD52F275B38DDDC32D0C8F8 /* User.swift in Sources */ = {isa = PBXBuildFile; fileRef = 3D1C14609FF4BEA59531C0F3 /* User.swift */; };
		534F4729AE3C4055DD38335D /* AttachmentDownloader.swift in Sources */ = {isa = PBXBuildFile; fileRef = 53319598BA23B9FA6218F1F4 /* AttachmentDownloader.swift */; };
		57E59C92A28BA7E022A3CAF0 /* UnreadStore.swift in Sources */ = {isa = PBXBuildFile; fileRef = 773BC0C48E9DCB2C2C7EEF54 /* UnreadStore.swift */; };
		5B0519F70F2E9A5A2291C707 /* CardEvent.swift in Sources */ = {isa = PBXBuildFile; fileRef = 5C8C56D87D09526B53D08191 /* CardEvent.swift */; };
		62C5559AA50703426FE355A4 /* KnowledgeListView.swift in Sources */ = {isa = PBXBuildFile; fileRef = 8828F429022D2664229D0BD5 /* KnowledgeListView.swift */; };
		64697E4B9C1D517B58C9BB18 /* Template.swift in Sources */ = {isa = PBXBuildFile; fileRef = 33E08922700FB9D4E21AA716 /* Template.swift */; };
		66F364C8FEF20E3621392738 /* EditCardWindowController.swift in Sources */ = {isa = PBXBuildFile; fileRef = D2CC7C58A0BE8B62FB671B5C /* EditCardWindowController.swift */; };
		69F303230842EAAC29D99343 /* WebSocketClient.swift in Sources */ = {isa = PBXBuildFile; fileRef = CC21D036F338F395728F4841 /* WebSocketClient.swift */; };
		6AFEB1BA3B16E12958F3F436 /* AuthenticatedImage.swift in Sources */ = {isa = PBXBuildFile; fileRef = 8C68997F4C59D21A3C895988 /* AuthenticatedImage.swift */; };
		6D9E4EB5BBD2EB41C6FF3CAA /* CaptureWindowController.swift in Sources */ = {isa = PBXBuildFile; fileRef = 10C4DBBAD3E0E675E3ADA207 /* CaptureWindowController.swift */; };
		70E63F79EC4942DA10DBD5F1 /* ChatInputView.swift in Sources */ = {isa = PBXBuildFile; fileRef = C63756131DBD129EB0E3736A /* ChatInputView.swift */; };
		7745DDFA7A42F36355FC5C69 /* ColorTokens.swift in Sources */ = {isa = PBXBuildFile; fileRef = 8D44ACE213B6D91728D9D096 /* ColorTokens.swift */; };
		89277AF7188143E94C56D9A3 /* QRGenerator.swift in Sources */ = {isa = PBXBuildFile; fileRef = 8676FC6BB1978546CD132ECB /* QRGenerator.swift */; };
		89953DA207CFBB576E18D09B /* TelegramIdentity.swift in Sources */ = {isa = PBXBuildFile; fileRef = 84D927EF8463962520EF9D21 /* TelegramIdentity.swift */; };
		8F4E0B9FA6BF015A5589F6D9 /* InitialsAvatar.swift in Sources */ = {isa = PBXBuildFile; fileRef = EFC04BA3D3DB3D5122B71124 /* InitialsAvatar.swift */; };
		95D25F1450840B9C17040143 /* MirrorToken.swift in Sources */ = {isa = PBXBuildFile; fileRef = C7ED2BFAF11835037B6FE6B4 /* MirrorToken.swift */; };
		9934E9B446AF3670267A2A2F /* UserListStore.swift in Sources */ = {isa = PBXBuildFile; fileRef = 4E7E635978543E3E2BE04A57 /* UserListStore.swift */; };
		9EEF5777B8A2C2FED1B1A5BF /* CaptureView.swift in Sources */ = {isa = PBXBuildFile; fileRef = 0F1DA66D2F2A0AB3A0DBCA8D /* CaptureView.swift */; };
		A586253D11B020755B3DCE99 /* DueDateChip.swift in Sources */ = {isa = PBXBuildFile; fileRef = B8278213F25D8E266525504F /* DueDateChip.swift */; };
		A7E0B4F083A997E19D244378 /* Endpoint.swift in Sources */ = {isa = PBXBuildFile; fileRef = 3D14E4A21849130041C1DCE4 /* Endpoint.swift */; };
		A81AA59A95540C62B16F49FE /* AiInsightsPanelView.swift in Sources */ = {isa = PBXBuildFile; fileRef = 9767A935F86223DDC4E348A2 /* AiInsightsPanelView.swift */; };
		AA3DC8C0E8F341681F3F4027 /* BoardColumnView.swift in Sources */ = {isa = PBXBuildFile; fileRef = 1A931D07E618AEEA4C819D06 /* BoardColumnView.swift */; };
		AADED05FA5BF95E300FC46EF /* AppDelegate.swift in Sources */ = {isa = PBXBuildFile; fileRef = 6E9ADF24F67A29324165CAD9 /* AppDelegate.swift */; };
		ABE9334AC7C88BD0E6072101 /* ServerTime.swift in Sources */ = {isa = PBXBuildFile; fileRef = A59128523BFDC3A8F9EA326C /* ServerTime.swift */; };
		ACDEEE37870E861E7AEEB57E /* WindowCoordinator.swift in Sources */ = {isa = PBXBuildFile; fileRef = 1C9D6DE25C9A454A2F6F01C4 /* WindowCoordinator.swift */; };
		ADAEB54E0842C8CEFCD49836 /* QRPopover.swift in Sources */ = {isa = PBXBuildFile; fileRef = 133DEF92B27F2E28B8A57839 /* QRPopover.swift */; };
		AEEC42C6C9B7C5CE65FF4E8A /* Attachment.swift in Sources */ = {isa = PBXBuildFile; fileRef = 2E9423699E6AC8AD3F52A342 /* Attachment.swift */; };
		B7430BC42A18277ED0B1ED60 /* Errors.swift in Sources */ = {isa = PBXBuildFile; fileRef = 0003E866170D3A627D0C78E0 /* Errors.swift */; };
		B814CAF2288F34F61C395FED /* Constants.swift in Sources */ = {isa = PBXBuildFile; fileRef = F7D8A4B8109C41A91487891C /* Constants.swift */; };
		B98E683F812B05E9524B481F /* KnowledgeItem.swift in Sources */ = {isa = PBXBuildFile; fileRef = 782CDD281E87D65EB23671EE /* KnowledgeItem.swift */; };
		BA5A510812912BEC2F538FA8 /* Notification.swift in Sources */ = {isa = PBXBuildFile; fileRef = 91FD1C33B51134A565291170 /* Notification.swift */; };
		C445A71B9842F553FD78D26B /* CardTileView.swift in Sources */ = {isa = PBXBuildFile; fileRef = 1449F1F57769065F90DFD43D /* CardTileView.swift */; };
		CD366D307AD20E6CCE6A0900 /* WeatherData.swift in Sources */ = {isa = PBXBuildFile; fileRef = FF4B97CE5CAAFC3AA1F3D2A9 /* WeatherData.swift */; };
		CDD5213A3FB60C129D53134D /* ReviewData.swift in Sources */ = {isa = PBXBuildFile; fileRef = 4AF5B894AD6D604448314FB3 /* ReviewData.swift */; };
		CFB3397736AF21A335C45B67 /* EditCardView.swift in Sources */ = {isa = PBXBuildFile; fileRef = 118A1841479CFCB0D1947EEE /* EditCardView.swift */; };
		D09489FE05B0C07F7DDEDD44 /* TrashDropZoneOverlay.swift in Sources */ = {isa = PBXBuildFile; fileRef = E698D6F7EDE7B6A5F2C663A4 /* TrashDropZoneOverlay.swift */; };
		D3D1524DF157B6BCB6933E68 /* Insight.swift in Sources */ = {isa = PBXBuildFile; fileRef = 1C587714AC58E27900AFBB65 /* Insight.swift */; };
		D3DFDFD3A82F4C4AEDFAC6E3 /* TagChip.swift in Sources */ = {isa = PBXBuildFile; fileRef = E2BE6711FD8CEEBB12F84AF6 /* TagChip.swift */; };
		D9827C1BAE20D1B5DC1C4C90 /* ThemeManager.swift in Sources */ = {isa = PBXBuildFile; fileRef = 6AFC02102EB9C7C0698DBBD6 /* ThemeManager.swift */; };
		E26114E3BAB5325D85BAF348 /* BoardScopeStore.swift in Sources */ = {isa = PBXBuildFile; fileRef = D00C59E7E4B809A278A8EEDB /* BoardScopeStore.swift */; };
		ED496CAE8EAD9F1942C065D6 /* PillButton.swift in Sources */ = {isa = PBXBuildFile; fileRef = 2C26C5C1DE4E230F13D4A7AF /* PillButton.swift */; };
		EFA941E64E1D709503BAC985 /* RootView.swift in Sources */ = {isa = PBXBuildFile; fileRef = A3FE6A6AD74A59A38FA9B854 /* RootView.swift */; };
		F43DC80E223945F4BCBCEDB1 /* DragStore.swift in Sources */ = {isa = PBXBuildFile; fileRef = D45EDB276CFD3AAE0917CF51 /* DragStore.swift */; };
		F77A32CB1782A90E4824C1BB /* CardTimelineView.swift in Sources */ = {isa = PBXBuildFile; fileRef = 79842E2C6B4BA69B1BB1D10F /* CardTimelineView.swift */; };
		F88FAA16C0A96FA39C8D2AD3 /* ToastOverlay.swift in Sources */ = {isa = PBXBuildFile; fileRef = FF0ECA762C99FA001ABF76C6 /* ToastOverlay.swift */; };
/* End PBXBuildFile section */

/* Begin PBXFileReference section */
		0003E866170D3A627D0C78E0 /* Errors.swift */ = {isa = PBXFileReference; lastKnownFileType = sourcecode.swift; path = Errors.swift; sourceTree = "<group>"; };
		050175A70FDD33A3BA88655B /* KanbanClaude.app */ = {isa = PBXFileReference; explicitFileType = wrapper.application; includeInIndex = 0; path = KanbanClaude.app; sourceTree = BUILT_PRODUCTS_DIR; };
		0BA207C8D6BC9A6883D358E4 /* InsightStore.swift */ = {isa = PBXFileReference; lastKnownFileType = sourcecode.swift; path = InsightStore.swift; sourceTree = "<group>"; };
		0F1DA66D2F2A0AB3A0DBCA8D /* CaptureView.swift */ = {isa = PBXFileReference; lastKnownFileType = sourcecode.swift; path = CaptureView.swift; sourceTree = "<group>"; };
		10C4DBBAD3E0E675E3ADA207 /* CaptureWindowController.swift */ = {isa = PBXFileReference; lastKnownFileType = sourcecode.swift; path = CaptureWindowController.swift; sourceTree = "<group>"; };
		118A1841479CFCB0D1947EEE /* EditCardView.swift */ = {isa = PBXFileReference; lastKnownFileType = sourcecode.swift; path = EditCardView.swift; sourceTree = "<group>"; };
		133DEF92B27F2E28B8A57839 /* QRPopover.swift */ = {isa = PBXFileReference; lastKnownFileType = sourcecode.swift; path = QRPopover.swift; sourceTree = "<group>"; };
		1449F1F57769065F90DFD43D /* CardTileView.swift */ = {isa = PBXFileReference; lastKnownFileType = sourcecode.swift; path = CardTileView.swift; sourceTree = "<group>"; };
		1A931D07E618AEEA4C819D06 /* BoardColumnView.swift */ = {isa = PBXFileReference; lastKnownFileType = sourcecode.swift; path = BoardColumnView.swift; sourceTree = "<group>"; };
		1C587714AC58E27900AFBB65 /* Insight.swift */ = {isa = PBXFileReference; lastKnownFileType = sourcecode.swift; path = Insight.swift; sourceTree = "<group>"; };
		1C9D6DE25C9A454A2F6F01C4 /* WindowCoordinator.swift */ = {isa = PBXFileReference; lastKnownFileType = sourcecode.swift; path = WindowCoordinator.swift; sourceTree = "<group>"; };
		202DC6CD8086A92EDB79E7B6 /* Typography.swift */ = {isa = PBXFileReference; lastKnownFileType = sourcecode.swift; path = Typography.swift; sourceTree = "<group>"; };
		2C26C5C1DE4E230F13D4A7AF /* PillButton.swift */ = {isa = PBXFileReference; lastKnownFileType = sourcecode.swift; path = PillButton.swift; sourceTree = "<group>"; };
		2E9423699E6AC8AD3F52A342 /* Attachment.swift */ = {isa = PBXFileReference; lastKnownFileType = sourcecode.swift; path = Attachment.swift; sourceTree = "<group>"; };
		30888F32AB7A737228CCE83D /* CardStore.swift */ = {isa = PBXFileReference; lastKnownFileType = sourcecode.swift; path = CardStore.swift; sourceTree = "<group>"; };
		32FAD60E9C3B97E09C622A87 /* Assets.xcassets */ = {isa = PBXFileReference; lastKnownFileType = folder.assetcatalog; path = Assets.xcassets; sourceTree = "<group>"; };
		33E08922700FB9D4E21AA716 /* Template.swift */ = {isa = PBXFileReference; lastKnownFileType = sourcecode.swift; path = Template.swift; sourceTree = "<group>"; };
		351B597EB5D18C72E3C4F1B1 /* MainView.swift */ = {isa = PBXFileReference; lastKnownFileType = sourcecode.swift; path = MainView.swift; sourceTree = "<group>"; };
		3D14E4A21849130041C1DCE4 /* Endpoint.swift */ = {isa = PBXFileReference; lastKnownFileType = sourcecode.swift; path = Endpoint.swift; sourceTree = "<group>"; };
		3D1C14609FF4BEA59531C0F3 /* User.swift */ = {isa = PBXFileReference; lastKnownFileType = sourcecode.swift; path = User.swift; sourceTree = "<group>"; };
		4547A844DB6F135A84687903 /* CardEventsStore.swift */ = {isa = PBXFileReference; lastKnownFileType = sourcecode.swift; path = CardEventsStore.swift; sourceTree = "<group>"; };
		4AF5B894AD6D604448314FB3 /* ReviewData.swift */ = {isa = PBXFileReference; lastKnownFileType = sourcecode.swift; path = ReviewData.swift; sourceTree = "<group>"; };
		4E7E635978543E3E2BE04A57 /* UserListStore.swift */ = {isa = PBXFileReference; lastKnownFileType = sourcecode.swift; path = UserListStore.swift; sourceTree = "<group>"; };
		52A7737371D98D496727B87B /* LoginView.swift */ = {isa = PBXFileReference; lastKnownFileType = sourcecode.swift; path = LoginView.swift; sourceTree = "<group>"; };
		53319598BA23B9FA6218F1F4 /* AttachmentDownloader.swift */ = {isa = PBXFileReference; lastKnownFileType = sourcecode.swift; path = AttachmentDownloader.swift; sourceTree = "<group>"; };
		5582F45A9B578CD960A323AE /* KanbanClaudeApp.swift */ = {isa = PBXFileReference; lastKnownFileType = sourcecode.swift; path = KanbanClaudeApp.swift; sourceTree = "<group>"; };
		5A01789809ADB29374A3759D /* Card.swift */ = {isa = PBXFileReference; lastKnownFileType = sourcecode.swift; path = Card.swift; sourceTree = "<group>"; };
		5C8C56D87D09526B53D08191 /* CardEvent.swift */ = {isa = PBXFileReference; lastKnownFileType = sourcecode.swift; path = CardEvent.swift; sourceTree = "<group>"; };
		6AFC02102EB9C7C0698DBBD6 /* ThemeManager.swift */ = {isa = PBXFileReference; lastKnownFileType = sourcecode.swift; path = ThemeManager.swift; sourceTree = "<group>"; };
		6E298DEBC486F46162AB5617 /* AuthStore.swift */ = {isa = PBXFileReference; lastKnownFileType = sourcecode.swift; path = AuthStore.swift; sourceTree = "<group>"; };
		6E9ADF24F67A29324165CAD9 /* AppDelegate.swift */ = {isa = PBXFileReference; lastKnownFileType = sourcecode.swift; path = AppDelegate.swift; sourceTree = "<group>"; };
		773BC0C48E9DCB2C2C7EEF54 /* UnreadStore.swift */ = {isa = PBXFileReference; lastKnownFileType = sourcecode.swift; path = UnreadStore.swift; sourceTree = "<group>"; };
		782CDD281E87D65EB23671EE /* KnowledgeItem.swift */ = {isa = PBXFileReference; lastKnownFileType = sourcecode.swift; path = KnowledgeItem.swift; sourceTree = "<group>"; };
		79842E2C6B4BA69B1BB1D10F /* CardTimelineView.swift */ = {isa = PBXFileReference; lastKnownFileType = sourcecode.swift; path = CardTimelineView.swift; sourceTree = "<group>"; };
		84D927EF8463962520EF9D21 /* TelegramIdentity.swift */ = {isa = PBXFileReference; lastKnownFileType = sourcecode.swift; path = TelegramIdentity.swift; sourceTree = "<group>"; };
		8676FC6BB1978546CD132ECB /* QRGenerator.swift */ = {isa = PBXFileReference; lastKnownFileType = sourcecode.swift; path = QRGenerator.swift; sourceTree = "<group>"; };
		8828F429022D2664229D0BD5 /* KnowledgeListView.swift */ = {isa = PBXFileReference; lastKnownFileType = sourcecode.swift; path = KnowledgeListView.swift; sourceTree = "<group>"; };
		8C079804591FE0380E400B39 /* ToastStore.swift */ = {isa = PBXFileReference; lastKnownFileType = sourcecode.swift; path = ToastStore.swift; sourceTree = "<group>"; };
		8C68997F4C59D21A3C895988 /* AuthenticatedImage.swift */ = {isa = PBXFileReference; lastKnownFileType = sourcecode.swift; path = AuthenticatedImage.swift; sourceTree = "<group>"; };
		8D44ACE213B6D91728D9D096 /* ColorTokens.swift */ = {isa = PBXFileReference; lastKnownFileType = sourcecode.swift; path = ColorTokens.swift; sourceTree = "<group>"; };
		91FD1C33B51134A565291170 /* Notification.swift */ = {isa = PBXFileReference; lastKnownFileType = sourcecode.swift; path = Notification.swift; sourceTree = "<group>"; };
		92B42FC7D4327D1F82369DC7 /* BoardToolbar.swift */ = {isa = PBXFileReference; lastKnownFileType = sourcecode.swift; path = BoardToolbar.swift; sourceTree = "<group>"; };
		9767A935F86223DDC4E348A2 /* AiInsightsPanelView.swift */ = {isa = PBXFileReference; lastKnownFileType = sourcecode.swift; path = AiInsightsPanelView.swift; sourceTree = "<group>"; };
		9DE4FC5F7360DC31A7B0564A /* APIClient.swift */ = {isa = PBXFileReference; lastKnownFileType = sourcecode.swift; path = APIClient.swift; sourceTree = "<group>"; };
		9E2485F54981E434D8849A3A /* SourceBadge.swift */ = {isa = PBXFileReference; lastKnownFileType = sourcecode.swift; path = SourceBadge.swift; sourceTree = "<group>"; };
		A3FE6A6AD74A59A38FA9B854 /* RootView.swift */ = {isa = PBXFileReference; lastKnownFileType = sourcecode.swift; path = RootView.swift; sourceTree = "<group>"; };
		A4682CBC1E6A44AC8BF3DF7E /* CardLink.swift */ = {isa = PBXFileReference; lastKnownFileType = sourcecode.swift; path = CardLink.swift; sourceTree = "<group>"; };
		A59128523BFDC3A8F9EA326C /* ServerTime.swift */ = {isa = PBXFileReference; lastKnownFileType = sourcecode.swift; path = ServerTime.swift; sourceTree = "<group>"; };
		B8278213F25D8E266525504F /* DueDateChip.swift */ = {isa = PBXFileReference; lastKnownFileType = sourcecode.swift; path = DueDateChip.swift; sourceTree = "<group>"; };
		C63756131DBD129EB0E3736A /* ChatInputView.swift */ = {isa = PBXFileReference; lastKnownFileType = sourcecode.swift; path = ChatInputView.swift; sourceTree = "<group>"; };
		C7ED2BFAF11835037B6FE6B4 /* MirrorToken.swift */ = {isa = PBXFileReference; lastKnownFileType = sourcecode.swift; path = MirrorToken.swift; sourceTree = "<group>"; };
		CC21D036F338F395728F4841 /* WebSocketClient.swift */ = {isa = PBXFileReference; lastKnownFileType = sourcecode.swift; path = WebSocketClient.swift; sourceTree = "<group>"; };
		D00C59E7E4B809A278A8EEDB /* BoardScopeStore.swift */ = {isa = PBXFileReference; lastKnownFileType = sourcecode.swift; path = BoardScopeStore.swift; sourceTree = "<group>"; };
		D2CC7C58A0BE8B62FB671B5C /* EditCardWindowController.swift */ = {isa = PBXFileReference; lastKnownFileType = sourcecode.swift; path = EditCardWindowController.swift; sourceTree = "<group>"; };
		D2DC760C601ACAD9AD6EDABB /* CardSurface.swift */ = {isa = PBXFileReference; lastKnownFileType = sourcecode.swift; path = CardSurface.swift; sourceTree = "<group>"; };
		D45EDB276CFD3AAE0917CF51 /* DragStore.swift */ = {isa = PBXFileReference; lastKnownFileType = sourcecode.swift; path = DragStore.swift; sourceTree = "<group>"; };
		D61F1671ABC0620D73FFB58D /* AiSuggestion.swift */ = {isa = PBXFileReference; lastKnownFileType = sourcecode.swift; path = AiSuggestion.swift; sourceTree = "<group>"; };
		E2BE6711FD8CEEBB12F84AF6 /* TagChip.swift */ = {isa = PBXFileReference; lastKnownFileType = sourcecode.swift; path = TagChip.swift; sourceTree = "<group>"; };
		E698D6F7EDE7B6A5F2C663A4 /* TrashDropZoneOverlay.swift */ = {isa = PBXFileReference; lastKnownFileType = sourcecode.swift; path = TrashDropZoneOverlay.swift; sourceTree = "<group>"; };
		E7C17D7526A0C80AF64C7283 /* BoardView.swift */ = {isa = PBXFileReference; lastKnownFileType = sourcecode.swift; path = BoardView.swift; sourceTree = "<group>"; };
		E9356D8CC170F45F0D61F070 /* KeychainStore.swift */ = {isa = PBXFileReference; lastKnownFileType = sourcecode.swift; path = KeychainStore.swift; sourceTree = "<group>"; };
		ECB0072855DCF669D2488118 /* BroadcastEvent.swift */ = {isa = PBXFileReference; lastKnownFileType = sourcecode.swift; path = BroadcastEvent.swift; sourceTree = "<group>"; };
		EFC04BA3D3DB3D5122B71124 /* InitialsAvatar.swift */ = {isa = PBXFileReference; lastKnownFileType = sourcecode.swift; path = InitialsAvatar.swift; sourceTree = "<group>"; };
		F7D8A4B8109C41A91487891C /* Constants.swift */ = {isa = PBXFileReference; lastKnownFileType = sourcecode.swift; path = Constants.swift; sourceTree = "<group>"; };
		FF0ECA762C99FA001ABF76C6 /* ToastOverlay.swift */ = {isa = PBXFileReference; lastKnownFileType = sourcecode.swift; path = ToastOverlay.swift; sourceTree = "<group>"; };
		FF4B97CE5CAAFC3AA1F3D2A9 /* WeatherData.swift */ = {isa = PBXFileReference; lastKnownFileType = sourcecode.swift; path = WeatherData.swift; sourceTree = "<group>"; };
/* End PBXFileReference section */

/* Begin PBXGroup section */
		01B5A43CCD0AA9BF88D2698B /* Resources */ = {
			isa = PBXGroup;
			children = (
				A5069C8D36C80DCCDD6F5977 /* Fonts */,
			);
			path = Resources;
			sourceTree = "<group>";
		};
		0598B9D84DC4CBBB3836EC69 /* Menus */ = {
			isa = PBXGroup;
			children = (
			);
			path = Menus;
			sourceTree = "<group>";
		};
		1A13C301907C7DEDC3DE2CC1 /* Networking */ = {
			isa = PBXGroup;
			children = (
				A7360824B3AB02AAED1A84C4 /* Codables */,
				9DE4FC5F7360DC31A7B0564A /* APIClient.swift */,
				53319598BA23B9FA6218F1F4 /* AttachmentDownloader.swift */,
				3D14E4A21849130041C1DCE4 /* Endpoint.swift */,
				8676FC6BB1978546CD132ECB /* QRGenerator.swift */,
				A59128523BFDC3A8F9EA326C /* ServerTime.swift */,
				CC21D036F338F395728F4841 /* WebSocketClient.swift */,
			);
			path = Networking;
			sourceTree = "<group>";
		};
		36DF78E2ACCB95702885CAEE /* Keychain */ = {
			isa = PBXGroup;
			children = (
				E9356D8CC170F45F0D61F070 /* KeychainStore.swift */,
			);
			path = Keychain;
			sourceTree = "<group>";
		};
		5206AB3F65BF6E7A89E20ECD /* App */ = {
			isa = PBXGroup;
			children = (
				6E9ADF24F67A29324165CAD9 /* AppDelegate.swift */,
				8D44ACE213B6D91728D9D096 /* ColorTokens.swift */,
				F7D8A4B8109C41A91487891C /* Constants.swift */,
				0003E866170D3A627D0C78E0 /* Errors.swift */,
				6AFC02102EB9C7C0698DBBD6 /* ThemeManager.swift */,
				202DC6CD8086A92EDB79E7B6 /* Typography.swift */,
				1C9D6DE25C9A454A2F6F01C4 /* WindowCoordinator.swift */,
			);
			path = App;
			sourceTree = "<group>";
		};
		582D5C7C52A7121440453CBA /* Archive */ = {
			isa = PBXGroup;
			children = (
			);
			path = Archive;
			sourceTree = "<group>";
		};
		5BDA7751CDC60E993CF9583B /* Products */ = {
			isa = PBXGroup;
			children = (
				050175A70FDD33A3BA88655B /* KanbanClaude.app */,
			);
			name = Products;
			sourceTree = "<group>";
		};
		5E03D8C98D83500EB65B4434 /* Capture */ = {
			isa = PBXGroup;
			children = (
				0F1DA66D2F2A0AB3A0DBCA8D /* CaptureView.swift */,
				10C4DBBAD3E0E675E3ADA207 /* CaptureWindowController.swift */,
			);
			path = Capture;
			sourceTree = "<group>";
		};
		873BCDE647A2978344E0EEB8 /* PreviewSupport */ = {
			isa = PBXGroup;
			children = (
			);
			path = PreviewSupport;
			sourceTree = "<group>";
		};
		95DD6809D98A4C2CEC74722F /* Main */ = {
			isa = PBXGroup;
			children = (
				1A931D07E618AEEA4C819D06 /* BoardColumnView.swift */,
				92B42FC7D4327D1F82369DC7 /* BoardToolbar.swift */,
				E7C17D7526A0C80AF64C7283 /* BoardView.swift */,
				1449F1F57769065F90DFD43D /* CardTileView.swift */,
				351B597EB5D18C72E3C4F1B1 /* MainView.swift */,
				E698D6F7EDE7B6A5F2C663A4 /* TrashDropZoneOverlay.swift */,
			);
			path = Main;
			sourceTree = "<group>";
		};
		A5069C8D36C80DCCDD6F5977 /* Fonts */ = {
			isa = PBXGroup;
			children = (
			);
			path = Fonts;
			sourceTree = "<group>";
		};
		A6E9487A3EE4881D5D32221A /* Preferences */ = {
			isa = PBXGroup;
			children = (
			);
			path = Preferences;
			sourceTree = "<group>";
		};
		A7360824B3AB02AAED1A84C4 /* Codables */ = {
			isa = PBXGroup;
			children = (
				D61F1671ABC0620D73FFB58D /* AiSuggestion.swift */,
				2E9423699E6AC8AD3F52A342 /* Attachment.swift */,
				ECB0072855DCF669D2488118 /* BroadcastEvent.swift */,
				5A01789809ADB29374A3759D /* Card.swift */,
				5C8C56D87D09526B53D08191 /* CardEvent.swift */,
				A4682CBC1E6A44AC8BF3DF7E /* CardLink.swift */,
				1C587714AC58E27900AFBB65 /* Insight.swift */,
				782CDD281E87D65EB23671EE /* KnowledgeItem.swift */,
				C7ED2BFAF11835037B6FE6B4 /* MirrorToken.swift */,
				91FD1C33B51134A565291170 /* Notification.swift */,
				4AF5B894AD6D604448314FB3 /* ReviewData.swift */,
				84D927EF8463962520EF9D21 /* TelegramIdentity.swift */,
				33E08922700FB9D4E21AA716 /* Template.swift */,
				3D1C14609FF4BEA59531C0F3 /* User.swift */,
				FF4B97CE5CAAFC3AA1F3D2A9 /* WeatherData.swift */,
			);
			path = Codables;
			sourceTree = "<group>";
		};
		C46E62A1C01990BB9F41D5BA /* Mirror */ = {
			isa = PBXGroup;
			children = (
			);
			path = Mirror;
			sourceTree = "<group>";
		};
		C6C05EA544613547BA02DBEE /* UI */ = {
			isa = PBXGroup;
			children = (
				582D5C7C52A7121440453CBA /* Archive */,
				E710B4EB26D4E8DFDD943597 /* Auth */,
				5E03D8C98D83500EB65B4434 /* Capture */,
				CF39BF722690C9B37034F772 /* Card */,
				D88DC2C62EEB3872BBD01060 /* Components */,
				C77B0DA219C3CA7D0F8866FE /* Knowledge */,
				95DD6809D98A4C2CEC74722F /* Main */,
				C46E62A1C01990BB9F41D5BA /* Mirror */,
				A6E9487A3EE4881D5D32221A /* Preferences */,
				ED1B5ABF743567C5412FA562 /* Review */,
				A3FE6A6AD74A59A38FA9B854 /* RootView.swift */,
			);
			path = UI;
			sourceTree = "<group>";
		};
		C77B0DA219C3CA7D0F8866FE /* Knowledge */ = {
			isa = PBXGroup;
			children = (
				8828F429022D2664229D0BD5 /* KnowledgeListView.swift */,
			);
			path = Knowledge;
			sourceTree = "<group>";
		};
		CF39BF722690C9B37034F772 /* Card */ = {
			isa = PBXGroup;
			children = (
				9767A935F86223DDC4E348A2 /* AiInsightsPanelView.swift */,
				79842E2C6B4BA69B1BB1D10F /* CardTimelineView.swift */,
				C63756131DBD129EB0E3736A /* ChatInputView.swift */,
				118A1841479CFCB0D1947EEE /* EditCardView.swift */,
				D2CC7C58A0BE8B62FB671B5C /* EditCardWindowController.swift */,
				133DEF92B27F2E28B8A57839 /* QRPopover.swift */,
			);
			path = Card;
			sourceTree = "<group>";
		};
		D054575C42BC1F109CD75514 = {
			isa = PBXGroup;
			children = (
				E2A2DA6847F0F5A74854943E /* KanbanClaude */,
				5BDA7751CDC60E993CF9583B /* Products */,
			);
			sourceTree = "<group>";
		};
		D88DC2C62EEB3872BBD01060 /* Components */ = {
			isa = PBXGroup;
			children = (
				8C68997F4C59D21A3C895988 /* AuthenticatedImage.swift */,
				D2DC760C601ACAD9AD6EDABB /* CardSurface.swift */,
				B8278213F25D8E266525504F /* DueDateChip.swift */,
				EFC04BA3D3DB3D5122B71124 /* InitialsAvatar.swift */,
				2C26C5C1DE4E230F13D4A7AF /* PillButton.swift */,
				9E2485F54981E434D8849A3A /* SourceBadge.swift */,
				E2BE6711FD8CEEBB12F84AF6 /* TagChip.swift */,
				FF0ECA762C99FA001ABF76C6 /* ToastOverlay.swift */,
			);
			path = Components;
			sourceTree = "<group>";
		};
		E2A2DA6847F0F5A74854943E /* KanbanClaude */ = {
			isa = PBXGroup;
			children = (
				5206AB3F65BF6E7A89E20ECD /* App */,
				36DF78E2ACCB95702885CAEE /* Keychain */,
				0598B9D84DC4CBBB3836EC69 /* Menus */,
				1A13C301907C7DEDC3DE2CC1 /* Networking */,
				873BCDE647A2978344E0EEB8 /* PreviewSupport */,
				01B5A43CCD0AA9BF88D2698B /* Resources */,
				E66307603DDF6269F6D39A05 /* Stores */,
				C6C05EA544613547BA02DBEE /* UI */,
				32FAD60E9C3B97E09C622A87 /* Assets.xcassets */,
				5582F45A9B578CD960A323AE /* KanbanClaudeApp.swift */,
			);
			path = KanbanClaude;
			sourceTree = "<group>";
		};
		E66307603DDF6269F6D39A05 /* Stores */ = {
			isa = PBXGroup;
			children = (
				6E298DEBC486F46162AB5617 /* AuthStore.swift */,
				D00C59E7E4B809A278A8EEDB /* BoardScopeStore.swift */,
				4547A844DB6F135A84687903 /* CardEventsStore.swift */,
				30888F32AB7A737228CCE83D /* CardStore.swift */,
				D45EDB276CFD3AAE0917CF51 /* DragStore.swift */,
				0BA207C8D6BC9A6883D358E4 /* InsightStore.swift */,
				8C079804591FE0380E400B39 /* ToastStore.swift */,
				773BC0C48E9DCB2C2C7EEF54 /* UnreadStore.swift */,
				4E7E635978543E3E2BE04A57 /* UserListStore.swift */,
			);
			path = Stores;
			sourceTree = "<group>";
		};
		E710B4EB26D4E8DFDD943597 /* Auth */ = {
			isa = PBXGroup;
			children = (
				52A7737371D98D496727B87B /* LoginView.swift */,
			);
			path = Auth;
			sourceTree = "<group>";
		};
		ED1B5ABF743567C5412FA562 /* Review */ = {
			isa = PBXGroup;
			children = (
			);
			path = Review;
			sourceTree = "<group>";
		};
/* End PBXGroup section */

/* Begin PBXNativeTarget section */
		992AE84C44474371B6D4753F /* KanbanClaude */ = {
			isa = PBXNativeTarget;
			buildConfigurationList = 0A6165DB8BE01F0346C449CA /* Build configuration list for PBXNativeTarget "KanbanClaude" */;
			buildPhases = (
				125BAC74E678168FA52696C8 /* Sources */,
				533ECFC31093A6E29E384A1F /* Resources */,
			);
			buildRules = (
			);
			dependencies = (
			);
			name = KanbanClaude;
			packageProductDependencies = (
			);
			productName = KanbanClaude;
			productReference = 050175A70FDD33A3BA88655B /* KanbanClaude.app */;
			productType = "com.apple.product-type.application";
		};
/* End PBXNativeTarget section */

/* Begin PBXProject section */
		ACEAFEAFC2EA627B623CE808 /* Project object */ = {
			isa = PBXProject;
			attributes = {
				BuildIndependentTargetsInParallel = YES;
				LastUpgradeCheck = 1430;
				TargetAttributes = {
					992AE84C44474371B6D4753F = {
						DevelopmentTeam = "";
						ProvisioningStyle = Automatic;
					};
				};
			};
			buildConfigurationList = 70AF66B617360D74435DB007 /* Build configuration list for PBXProject "KanbanClaude" */;
			developmentRegion = en;
			hasScannedForEncodings = 0;
			knownRegions = (
				Base,
				en,
			);
			mainGroup = D054575C42BC1F109CD75514;
			minimizedProjectReferenceProxies = 1;
			preferredProjectObjectVersion = 77;
			productRefGroup = 5BDA7751CDC60E993CF9583B /* Products */;
			projectDirPath = "";
			projectRoot = "";
			targets = (
				992AE84C44474371B6D4753F /* KanbanClaude */,
			);
		};
/* End PBXProject section */

/* Begin PBXResourcesBuildPhase section */
		533ECFC31093A6E29E384A1F /* Resources */ = {
			isa = PBXResourcesBuildPhase;
			buildActionMask = 2147483647;
			files = (
				3960872E7CD85187846B61C9 /* Assets.xcassets in Resources */,
			);
			runOnlyForDeploymentPostprocessing = 0;
		};
/* End PBXResourcesBuildPhase section */

/* Begin PBXSourcesBuildPhase section */
		125BAC74E678168FA52696C8 /* Sources */ = {
			isa = PBXSourcesBuildPhase;
			buildActionMask = 2147483647;
			files = (
				128BA80F3E743324C53ED096 /* APIClient.swift in Sources */,
				A81AA59A95540C62B16F49FE /* AiInsightsPanelView.swift in Sources */,
				1D8338CAE3D3B240D14F7701 /* AiSuggestion.swift in Sources */,
				AADED05FA5BF95E300FC46EF /* AppDelegate.swift in Sources */,
				AEEC42C6C9B7C5CE65FF4E8A /* Attachment.swift in Sources */,
				534F4729AE3C4055DD38335D /* AttachmentDownloader.swift in Sources */,
				25391EC0A2E15EF4FC15E33A /* AuthStore.swift in Sources */,
				6AFEB1BA3B16E12958F3F436 /* AuthenticatedImage.swift in Sources */,
				AA3DC8C0E8F341681F3F4027 /* BoardColumnView.swift in Sources */,
				E26114E3BAB5325D85BAF348 /* BoardScopeStore.swift in Sources */,
				34E114C8D8CF11C8D593E62D /* BoardToolbar.swift in Sources */,
				1202BA569728F521942D053A /* BoardView.swift in Sources */,
				2F67769F1370A561A24966B1 /* BroadcastEvent.swift in Sources */,
				9EEF5777B8A2C2FED1B1A5BF /* CaptureView.swift in Sources */,
				6D9E4EB5BBD2EB41C6FF3CAA /* CaptureWindowController.swift in Sources */,
				23005EC985F2638D48D5847E /* Card.swift in Sources */,
				5B0519F70F2E9A5A2291C707 /* CardEvent.swift in Sources */,
				1221B30EA2F2E7FAB5A255E1 /* CardEventsStore.swift in Sources */,
				2F0214707E590F36F3DCA016 /* CardLink.swift in Sources */,
				4A60C2DF53DBB40147ECCDD5 /* CardStore.swift in Sources */,
				36BA53625A6B87A5A368A38E /* CardSurface.swift in Sources */,
				C445A71B9842F553FD78D26B /* CardTileView.swift in Sources */,
				F77A32CB1782A90E4824C1BB /* CardTimelineView.swift in Sources */,
				70E63F79EC4942DA10DBD5F1 /* ChatInputView.swift in Sources */,
				7745DDFA7A42F36355FC5C69 /* ColorTokens.swift in Sources */,
				B814CAF2288F34F61C395FED /* Constants.swift in Sources */,
				F43DC80E223945F4BCBCEDB1 /* DragStore.swift in Sources */,
				A586253D11B020755B3DCE99 /* DueDateChip.swift in Sources */,
				CFB3397736AF21A335C45B67 /* EditCardView.swift in Sources */,
				66F364C8FEF20E3621392738 /* EditCardWindowController.swift in Sources */,
				A7E0B4F083A997E19D244378 /* Endpoint.swift in Sources */,
				B7430BC42A18277ED0B1ED60 /* Errors.swift in Sources */,
				8F4E0B9FA6BF015A5589F6D9 /* InitialsAvatar.swift in Sources */,
				D3D1524DF157B6BCB6933E68 /* Insight.swift in Sources */,
				32C653C3EB5473B1A99DCD82 /* InsightStore.swift in Sources */,
				3B3570C66C25A8B31DF420E4 /* KanbanClaudeApp.swift in Sources */,
				4550B678651DC1FCFAD21F86 /* KeychainStore.swift in Sources */,
				B98E683F812B05E9524B481F /* KnowledgeItem.swift in Sources */,
				62C5559AA50703426FE355A4 /* KnowledgeListView.swift in Sources */,
				278AF13C8E4CDB80A37E7028 /* LoginView.swift in Sources */,
				2DCE1A46702AEBACEC53A864 /* MainView.swift in Sources */,
				95D25F1450840B9C17040143 /* MirrorToken.swift in Sources */,
				BA5A510812912BEC2F538FA8 /* Notification.swift in Sources */,
				ED496CAE8EAD9F1942C065D6 /* PillButton.swift in Sources */,
				89277AF7188143E94C56D9A3 /* QRGenerator.swift in Sources */,
				ADAEB54E0842C8CEFCD49836 /* QRPopover.swift in Sources */,
				CDD5213A3FB60C129D53134D /* ReviewData.swift in Sources */,
				EFA941E64E1D709503BAC985 /* RootView.swift in Sources */,
				ABE9334AC7C88BD0E6072101 /* ServerTime.swift in Sources */,
				33A33704E54D45C60D9A3E23 /* SourceBadge.swift in Sources */,
				D3DFDFD3A82F4C4AEDFAC6E3 /* TagChip.swift in Sources */,
				89953DA207CFBB576E18D09B /* TelegramIdentity.swift in Sources */,
				64697E4B9C1D517B58C9BB18 /* Template.swift in Sources */,
				D9827C1BAE20D1B5DC1C4C90 /* ThemeManager.swift in Sources */,
				F88FAA16C0A96FA39C8D2AD3 /* ToastOverlay.swift in Sources */,
				293D4F5AF6F25A5832A0081A /* ToastStore.swift in Sources */,
				D09489FE05B0C07F7DDEDD44 /* TrashDropZoneOverlay.swift in Sources */,
				4AA9F96292723B7B5AED8CEE /* Typography.swift in Sources */,
				57E59C92A28BA7E022A3CAF0 /* UnreadStore.swift in Sources */,
				4DD52F275B38DDDC32D0C8F8 /* User.swift in Sources */,
				9934E9B446AF3670267A2A2F /* UserListStore.swift in Sources */,
				CD366D307AD20E6CCE6A0900 /* WeatherData.swift in Sources */,
				69F303230842EAAC29D99343 /* WebSocketClient.swift in Sources */,
				ACDEEE37870E861E7AEEB57E /* WindowCoordinator.swift in Sources */,
			);
			runOnlyForDeploymentPostprocessing = 0;
		};
/* End PBXSourcesBuildPhase section */

/* Begin XCBuildConfiguration section */
		5E100524C04A872460F44F1E /* Debug */ = {
			isa = XCBuildConfiguration;
			buildSettings = {
				ALWAYS_SEARCH_USER_PATHS = NO;
				ARCHS = arm64;
				CLANG_ANALYZER_NONNULL = YES;
				CLANG_ANALYZER_NUMBER_OBJECT_CONVERSION = YES_AGGRESSIVE;
				CLANG_CXX_LANGUAGE_STANDARD = "gnu++14";
				CLANG_CXX_LIBRARY = "libc++";
				CLANG_ENABLE_MODULES = YES;
				CLANG_ENABLE_OBJC_ARC = YES;
				CLANG_ENABLE_OBJC_WEAK = YES;
				CLANG_WARN_BLOCK_CAPTURE_AUTORELEASING = YES;
				CLANG_WARN_BOOL_CONVERSION = YES;
				CLANG_WARN_COMMA = YES;
				CLANG_WARN_CONSTANT_CONVERSION = YES;
				CLANG_WARN_DEPRECATED_OBJC_IMPLEMENTATIONS = YES;
				CLANG_WARN_DIRECT_OBJC_ISA_USAGE = YES_ERROR;
				CLANG_WARN_DOCUMENTATION_COMMENTS = YES;
				CLANG_WARN_EMPTY_BODY = YES;
				CLANG_WARN_ENUM_CONVERSION = YES;
				CLANG_WARN_INFINITE_RECURSION = YES;
				CLANG_WARN_INT_CONVERSION = YES;
				CLANG_WARN_NON_LITERAL_NULL_CONVERSION = YES;
				CLANG_WARN_OBJC_IMPLICIT_RETAIN_SELF = YES;
				CLANG_WARN_OBJC_LITERAL_CONVERSION = YES;
				CLANG_WARN_OBJC_ROOT_CLASS = YES_ERROR;
				CLANG_WARN_QUOTED_INCLUDE_IN_FRAMEWORK_HEADER = YES;
				CLANG_WARN_RANGE_LOOP_ANALYSIS = YES;
				CLANG_WARN_STRICT_PROTOTYPES = YES;
				CLANG_WARN_SUSPICIOUS_MOVE = YES;
				CLANG_WARN_UNGUARDED_AVAILABILITY = YES_AGGRESSIVE;
				CLANG_WARN_UNREACHABLE_CODE = YES;
				CLANG_WARN__DUPLICATE_METHOD_MATCH = YES;
				CODE_SIGN_IDENTITY = "-";
				CODE_SIGN_STYLE = Automatic;
				COPY_PHASE_STRIP = NO;
				CURRENT_PROJECT_VERSION = 1;
				DEBUG_INFORMATION_FORMAT = dwarf;
				DEVELOPMENT_TEAM = "";
				ENABLE_HARDENED_RUNTIME = NO;
				ENABLE_STRICT_OBJC_MSGSEND = YES;
				ENABLE_TESTABILITY = YES;
				GCC_C_LANGUAGE_STANDARD = gnu11;
				GCC_DYNAMIC_NO_PIC = NO;
				GCC_NO_COMMON_BLOCKS = YES;
				GCC_OPTIMIZATION_LEVEL = 0;
				GCC_PREPROCESSOR_DEFINITIONS = (
					"$(inherited)",
					"DEBUG=1",
				);
				GCC_WARN_64_TO_32_BIT_CONVERSION = YES;
				GCC_WARN_ABOUT_RETURN_TYPE = YES_ERROR;
				GCC_WARN_UNDECLARED_SELECTOR = YES;
				GCC_WARN_UNINITIALIZED_AUTOS = YES_AGGRESSIVE;
				GCC_WARN_UNUSED_FUNCTION = YES;
				GCC_WARN_UNUSED_VARIABLE = YES;
				MACOSX_DEPLOYMENT_TARGET = 13.3;
				MARKETING_VERSION = 1.0.0;
				MTL_ENABLE_DEBUG_INFO = INCLUDE_SOURCE;
				MTL_FAST_MATH = YES;
				ONLY_ACTIVE_ARCH = NO;
				PRODUCT_BUNDLE_IDENTIFIER = com.kanbanclaude.kanbanclaude;
				PRODUCT_NAME = "$(TARGET_NAME)";
				SDKROOT = macosx;
				SWIFT_ACTIVE_COMPILATION_CONDITIONS = DEBUG;
				SWIFT_OPTIMIZATION_LEVEL = "-Onone";
				SWIFT_STRICT_CONCURRENCY = minimal;
				SWIFT_VERSION = 5.10;
			};
			name = Debug;
		};
		8BAFA5AAFB4E6A86D25CF63D /* Debug */ = {
			isa = XCBuildConfiguration;
			buildSettings = {
				ASSETCATALOG_COMPILER_APPICON_NAME = AppIcon;
				CODE_SIGN_ENTITLEMENTS = KanbanClaude/KanbanClaude.entitlements;
				COMBINE_HIDPI_IMAGES = YES;
				INFOPLIST_FILE = KanbanClaude/Info.plist;
				LD_RUNPATH_SEARCH_PATHS = (
					"$(inherited)",
					"@executable_path/../Frameworks",
				);
				MACOSX_DEPLOYMENT_TARGET = 13.3;
				SDKROOT = macosx;
			};
			name = Debug;
		};
		BE4762E0AB80789ED10D926D /* Release */ = {
			isa = XCBuildConfiguration;
			buildSettings = {
				ALWAYS_SEARCH_USER_PATHS = NO;
				ARCHS = arm64;
				CLANG_ANALYZER_NONNULL = YES;
				CLANG_ANALYZER_NUMBER_OBJECT_CONVERSION = YES_AGGRESSIVE;
				CLANG_CXX_LANGUAGE_STANDARD = "gnu++14";
				CLANG_CXX_LIBRARY = "libc++";
				CLANG_ENABLE_MODULES = YES;
				CLANG_ENABLE_OBJC_ARC = YES;
				CLANG_ENABLE_OBJC_WEAK = YES;
				CLANG_WARN_BLOCK_CAPTURE_AUTORELEASING = YES;
				CLANG_WARN_BOOL_CONVERSION = YES;
				CLANG_WARN_COMMA = YES;
				CLANG_WARN_CONSTANT_CONVERSION = YES;
				CLANG_WARN_DEPRECATED_OBJC_IMPLEMENTATIONS = YES;
				CLANG_WARN_DIRECT_OBJC_ISA_USAGE = YES_ERROR;
				CLANG_WARN_DOCUMENTATION_COMMENTS = YES;
				CLANG_WARN_EMPTY_BODY = YES;
				CLANG_WARN_ENUM_CONVERSION = YES;
				CLANG_WARN_INFINITE_RECURSION = YES;
				CLANG_WARN_INT_CONVERSION = YES;
				CLANG_WARN_NON_LITERAL_NULL_CONVERSION = YES;
				CLANG_WARN_OBJC_IMPLICIT_RETAIN_SELF = YES;
				CLANG_WARN_OBJC_LITERAL_CONVERSION = YES;
				CLANG_WARN_OBJC_ROOT_CLASS = YES_ERROR;
				CLANG_WARN_QUOTED_INCLUDE_IN_FRAMEWORK_HEADER = YES;
				CLANG_WARN_RANGE_LOOP_ANALYSIS = YES;
				CLANG_WARN_STRICT_PROTOTYPES = YES;
				CLANG_WARN_SUSPICIOUS_MOVE = YES;
				CLANG_WARN_UNGUARDED_AVAILABILITY = YES_AGGRESSIVE;
				CLANG_WARN_UNREACHABLE_CODE = YES;
				CLANG_WARN__DUPLICATE_METHOD_MATCH = YES;
				CODE_SIGN_IDENTITY = "-";
				CODE_SIGN_STYLE = Automatic;
				COPY_PHASE_STRIP = NO;
				CURRENT_PROJECT_VERSION = 1;
				DEBUG_INFORMATION_FORMAT = "dwarf-with-dsym";
				DEVELOPMENT_TEAM = "";
				ENABLE_HARDENED_RUNTIME = NO;
				ENABLE_NS_ASSERTIONS = NO;
				ENABLE_STRICT_OBJC_MSGSEND = YES;
				GCC_C_LANGUAGE_STANDARD = gnu11;
				GCC_NO_COMMON_BLOCKS = YES;
				GCC_OPTIMIZATION_LEVEL = s;
				GCC_WARN_64_TO_32_BIT_CONVERSION = YES;
				GCC_WARN_ABOUT_RETURN_TYPE = YES_ERROR;
				GCC_WARN_UNDECLARED_SELECTOR = YES;
				GCC_WARN_UNINITIALIZED_AUTOS = YES_AGGRESSIVE;
				GCC_WARN_UNUSED_FUNCTION = YES;
				GCC_WARN_UNUSED_VARIABLE = YES;
				MACOSX_DEPLOYMENT_TARGET = 13.3;
				MARKETING_VERSION = 1.0.0;
				MTL_ENABLE_DEBUG_INFO = NO;
				MTL_FAST_MATH = YES;
				ONLY_ACTIVE_ARCH = NO;
				PRODUCT_BUNDLE_IDENTIFIER = com.kanbanclaude.kanbanclaude;
				PRODUCT_NAME = "$(TARGET_NAME)";
				SDKROOT = macosx;
				SWIFT_COMPILATION_MODE = wholemodule;
				SWIFT_OPTIMIZATION_LEVEL = "-O";
				SWIFT_STRICT_CONCURRENCY = minimal;
				SWIFT_VERSION = 5.10;
			};
			name = Release;
		};
		FE636C58BE94652BE53872F4 /* Release */ = {
			isa = XCBuildConfiguration;
			buildSettings = {
				ASSETCATALOG_COMPILER_APPICON_NAME = AppIcon;
				CODE_SIGN_ENTITLEMENTS = KanbanClaude/KanbanClaude.entitlements;
				COMBINE_HIDPI_IMAGES = YES;
				INFOPLIST_FILE = KanbanClaude/Info.plist;
				LD_RUNPATH_SEARCH_PATHS = (
					"$(inherited)",
					"@executable_path/../Frameworks",
				);
				MACOSX_DEPLOYMENT_TARGET = 13.3;
				SDKROOT = macosx;
			};
			name = Release;
		};
/* End XCBuildConfiguration section */

/* Begin XCConfigurationList section */
		0A6165DB8BE01F0346C449CA /* Build configuration list for PBXNativeTarget "KanbanClaude" */ = {
			isa = XCConfigurationList;
			buildConfigurations = (
				8BAFA5AAFB4E6A86D25CF63D /* Debug */,
				FE636C58BE94652BE53872F4 /* Release */,
			);
			defaultConfigurationIsVisible = 0;
			defaultConfigurationName = Debug;
		};
		70AF66B617360D74435DB007 /* Build configuration list for PBXProject "KanbanClaude" */ = {
			isa = XCConfigurationList;
			buildConfigurations = (
				5E100524C04A872460F44F1E /* Debug */,
				BE4762E0AB80789ED10D926D /* Release */,
			);
			defaultConfigurationIsVisible = 0;
			defaultConfigurationName = Debug;
		};
/* End XCConfigurationList section */
	};
	rootObject = ACEAFEAFC2EA627B623CE808 /* Project object */;
}
